
Microsoft Visual Studio Solution File, Format Version 12.00
# Visual Studio Version 17
VisualStudioVersion = 17.2.32630.192
MinimumVisualStudioVersion = 10.0.40219.1
Project("{FAE04EC0-301F-11D3-BF4B-00C04F79EFBC}") = "SlackTestWebApi", "SlackTestWebApi\SlackTestWebApi.csproj", "{037A902B-2D73-4811-9E05-2E133CBD1810}"
EndProject
Project("{FAE04EC0-301F-11D3-BF4B-00C04F79EFBC}") = "SlackTestWebApi.Services", "SlackTestWebApi.Services\SlackTestWebApi.Services.csproj", "{73C1E7FC-E840-4B2B-AB5E-1FFF6DFFD254}"
EndProject
Project("{FAE04EC0-301F-11D3-BF4B-00C04F79EFBC}") = "SlackTestWebApi.Data", "SlackTestWebApi.Data\SlackTestWebApi.Data.csproj", "{AF8D56EA-5E6B-4968-8839-4ADC21EC614E}"
EndProject
Project("{FAE04EC0-301F-11D3-BF4B-00C04F79EFBC}") = "SlackTestWebApi.Domain", "SlackTestWebApi.Domain\SlackTestWebApi.Domain.csproj", "{4F879661-1F54-4700-8D6F-5EDA66AC316E}"
EndProject
Global
	GlobalSection(SolutionConfigurationPlatforms) = preSolution
		Debug|Any CPU = Debug|Any CPU
		Release|Any CPU = Release|Any CPU
	EndGlobalSection
	GlobalSection(ProjectConfigurationPlatforms) = postSolution
		{037A902B-2D73-4811-9E05-2E133CBD1810}.Debug|Any CPU.ActiveCfg = Debug|Any CPU
		{037A902B-2D73-4811-9E05-2E133CBD1810}.Debug|Any CPU.Build.0 = Debug|Any CPU
		{037A902B-2D73-4811-9E05-2E133CBD1810}.Release|Any CPU.ActiveCfg = Release|Any CPU
		{037A902B-2D73-4811-9E05-2E133CBD1810}.Release|Any CPU.Build.0 = Release|Any CPU
		{73C1E7FC-E840-4B2B-AB5E-1FFF6DFFD254}.Debug|Any CPU.ActiveCfg = Debug|Any CPU
		{73C1E7FC-E840-4B2B-AB5E-1FFF6DFFD254}.Debug|Any CPU.Build.0 = Debug|Any CPU
		{73C1E7FC-E840-4B2B-AB5E-1FFF6DFFD254}.Release|Any CPU.ActiveCfg = Release|Any CPU
		{73C1E7FC-E840-4B2B-AB5E-1FFF6DFFD254}.Release|Any CPU.Build.0 = Release|Any CPU
		{AF8D56EA-5E6B-4968-8839-4ADC21EC614E}.Debug|Any CPU.ActiveCfg = Debug|Any CPU
		{AF8D56EA-5E6B-4968-8839-4ADC21EC614E}.Debug|Any CPU.Build.0 = Debug|Any CPU
		{AF8D56EA-5E6B-4968-8839-4ADC21EC614E}.Release|Any CPU.ActiveCfg = Release|Any CPU
		{AF8D56EA-5E6B-4968-8839-4ADC21EC614E}.Release|Any CPU.Build.0 = Release|Any CPU
		{4F879661-1F54-4700-8D6F-5EDA66AC316E}.Debug|Any CPU.ActiveCfg = Debug|Any CPU
		{4F879661-1F54-4700-8D6F-5EDA66AC316E}.Debug|Any CPU.Build.0 = Debug|Any CPU
		{4F879661-1F54-4700-8D6F-5EDA66AC316E}.Release|Any CPU.ActiveCfg = Release|Any CPU
		{4F879661-1F54-4700-8D6F-5EDA66AC316E}.Release|Any CPU.Build.0 = Release|Any CPU
	EndGlobalSection
	GlobalSection(SolutionProperties) = preSolution
		HideSolutionNode = FALSE
	EndGlobalSection
	GlobalSection(ExtensibilityGlobals) = postSolution
		SolutionGuid = {6C30A8DA-0D4D-452B-B9CA-5B0CB9D96119}
	EndGlobalSection
EndGlobal
